
Microsoft Visual Studio Solution File, Format Version 12.00
# Visual Studio Version 16
VisualStudioVersion = 16.0.29418.71
MinimumVisualStudioVersion = 10.0.40219.1
Project("{FAE04EC0-301F-11D3-BF4B-00C04F79EFBC}") = "MusicOnlineStore", "MusicOnlineStore\MusicOnlineStore.csproj", "{ADD22CA2-2378-4542-A022-35CFF940E1C8}"
EndProject
Global
	GlobalSection(SolutionConfigurationPlatforms) = preSolution
		Debug|Any CPU = Debug|Any CPU
		Release|Any CPU = Release|Any CPU
	EndGlobalSection
	GlobalSection(ProjectConfigurationPlatforms) = postSolution
		{ADD22CA2-2378-4542-A022-35CFF940E1C8}.Debug|Any CPU.ActiveCfg = Debug|Any CPU
		{ADD22CA2-2378-4542-A022-35CFF940E1C8}.Debug|Any CPU.Build.0 = Debug|Any CPU
		{ADD22CA2-2378-4542-A022-35CFF940E1C8}.Release|Any CPU.ActiveCfg = Release|Any CPU
		{ADD22CA2-2378-4542-A022-35CFF940E1C8}.Release|Any CPU.Build.0 = Release|Any CPU
	EndGlobalSection
	GlobalSection(SolutionProperties) = preSolution
		HideSolutionNode = FALSE
	EndGlobalSection
	GlobalSection(ExtensibilityGlobals) = postSolution
		SolutionGuid = {098D8BAB-7FFE-49DE-B2A9-FD327804FC09}
	EndGlobalSection
EndGlobal
